
Microsoft Visual Studio Solution File, Format Version 12.00
# Visual Studio 15
VisualStudioVersion = 15.0.27428.2037
MinimumVisualStudioVersion = 10.0.40219.1
Project("{778DAE3C-4631-46EA-AA77-85C1314464D9}") = "Nukepayload2.UI.XamarinForms", "Nukepayload2.UI.XamarinForms\Nukepayload2.UI.XamarinForms.vbproj", "{354A9412-1C5C-4679-8A72-8819057BEF3A}"
EndProject
Project("{9A19103F-16F7-4668-BE54-9A1E7A4F7556}") = "Nukepayload2.UI.XamarinForms.Gallery", "Nukepayload2.UI.XamarinForms.Gallery\DemoShared\Nukepayload2.UI.XamarinForms.Gallery.csproj", "{1E4BEEA6-43B6-4F9C-9192-AFB9036D010D}"
EndProject
Project("{FAE04EC0-301F-11D3-BF4B-00C04F79EFBC}") = "UwpDemo", "Nukepayload2.UI.XamarinForms.Gallery\UwpDemo\UwpDemo.csproj", "{00201313-6F30-4E3D-844A-FBDB1F71827B}"
EndProject
Project("{FAE04EC0-301F-11D3-BF4B-00C04F79EFBC}") = "AndroidDemo", "Nukepayload2.UI.XamarinForms.Gallery\AndroidDemo\AndroidDemo.csproj", "{1AAE4D2A-613C-411A-A10E-B051F4664770}"
EndProject
Project("{778DAE3C-4631-46EA-AA77-85C1314464D9}") = "Nukepayload2.UI.Runtime.Android", "Nukepayload2.UI.Runtime.Android\Nukepayload2.UI.Runtime.Android.vbproj", "{694E9254-91B6-4962-AFFE-46BD3E67F2B8}"
EndProject
Project("{F184B08F-C81C-45F6-A57F-5ABD9991F28F}") = "Nukepayload2.UI.Runtime.UWP", "Nukepayload2.UI.Runtime.UWP\Nukepayload2.UI.Runtime.UWP.vbproj", "{986650CC-0B20-4C79-999D-94558DAD46FF}"
EndProject
Project("{2150E333-8FDC-42A3-9474-1A3956D46DE8}") = "Demo", "Demo", "{6E5EA185-2A19-4FA5-B921-21F19B876F4F}"
EndProject
Project("{2150E333-8FDC-42A3-9474-1A3956D46DE8}") = "Runtime", "Runtime", "{EA0CB1CF-80A2-47B7-AE6C-0E54CDC5BC2F}"
EndProject
Global
	GlobalSection(SolutionConfigurationPlatforms) = preSolution
		Debug|Any CPU = Debug|Any CPU
		Debug|ARM = Debug|ARM
		Debug|x64 = Debug|x64
		Debug|x86 = Debug|x86
		Release|Any CPU = Release|Any CPU
		Release|ARM = Release|ARM
		Release|x64 = Release|x64
		Release|x86 = Release|x86
	EndGlobalSection
	GlobalSection(ProjectConfigurationPlatforms) = postSolution
		{354A9412-1C5C-4679-8A72-8819057BEF3A}.Debug|Any CPU.ActiveCfg = Debug|Any CPU
		{354A9412-1C5C-4679-8A72-8819057BEF3A}.Debug|Any CPU.Build.0 = Debug|Any CPU
		{354A9412-1C5C-4679-8A72-8819057BEF3A}.Debug|ARM.ActiveCfg = Debug|Any CPU
		{354A9412-1C5C-4679-8A72-8819057BEF3A}.Debug|ARM.Build.0 = Debug|Any CPU
		{354A9412-1C5C-4679-8A72-8819057BEF3A}.Debug|x64.ActiveCfg = Debug|Any CPU
		{354A9412-1C5C-4679-8A72-8819057BEF3A}.Debug|x64.Build.0 = Debug|Any CPU
		{354A9412-1C5C-4679-8A72-8819057BEF3A}.Debug|x86.ActiveCfg = Debug|Any CPU
		{354A9412-1C5C-4679-8A72-8819057BEF3A}.Debug|x86.Build.0 = Debug|Any CPU
		{354A9412-1C5C-4679-8A72-8819057BEF3A}.Release|Any CPU.ActiveCfg = Release|Any CPU
		{354A9412-1C5C-4679-8A72-8819057BEF3A}.Release|Any CPU.Build.0 = Release|Any CPU
		{354A9412-1C5C-4679-8A72-8819057BEF3A}.Release|ARM.ActiveCfg = Release|Any CPU
		{354A9412-1C5C-4679-8A72-8819057BEF3A}.Release|ARM.Build.0 = Release|Any CPU
		{354A9412-1C5C-4679-8A72-8819057BEF3A}.Release|x64.ActiveCfg = Release|Any CPU
		{354A9412-1C5C-4679-8A72-8819057BEF3A}.Release|x64.Build.0 = Release|Any CPU
		{354A9412-1C5C-4679-8A72-8819057BEF3A}.Release|x86.ActiveCfg = Release|Any CPU
		{354A9412-1C5C-4679-8A72-8819057BEF3A}.Release|x86.Build.0 = Release|Any CPU
		{1E4BEEA6-43B6-4F9C-9192-AFB9036D010D}.Debug|Any CPU.ActiveCfg = Debug|Any CPU
		{1E4BEEA6-43B6-4F9C-9192-AFB9036D010D}.Debug|Any CPU.Build.0 = Debug|Any CPU
		{1E4BEEA6-43B6-4F9C-9192-AFB9036D010D}.Debug|ARM.ActiveCfg = Debug|Any CPU
		{1E4BEEA6-43B6-4F9C-9192-AFB9036D010D}.Debug|ARM.Build.0 = Debug|Any CPU
		{1E4BEEA6-43B6-4F9C-9192-AFB9036D010D}.Debug|x64.ActiveCfg = Debug|Any CPU
		{1E4BEEA6-43B6-4F9C-9192-AFB9036D010D}.Debug|x64.Build.0 = Debug|Any CPU
		{1E4BEEA6-43B6-4F9C-9192-AFB9036D010D}.Debug|x86.ActiveCfg = Debug|Any CPU
		{1E4BEEA6-43B6-4F9C-9192-AFB9036D010D}.Debug|x86.Build.0 = Debug|Any CPU
		{1E4BEEA6-43B6-4F9C-9192-AFB9036D010D}.Release|Any CPU.ActiveCfg = Release|Any CPU
		{1E4BEEA6-43B6-4F9C-9192-AFB9036D010D}.Release|Any CPU.Build.0 = Release|Any CPU
		{1E4BEEA6-43B6-4F9C-9192-AFB9036D010D}.Release|ARM.ActiveCfg = Release|Any CPU
		{1E4BEEA6-43B6-4F9C-9192-AFB9036D010D}.Release|ARM.Build.0 = Release|Any CPU
		{1E4BEEA6-43B6-4F9C-9192-AFB9036D010D}.Release|x64.ActiveCfg = Release|Any CPU
		{1E4BEEA6-43B6-4F9C-9192-AFB9036D010D}.Release|x64.Build.0 = Release|Any CPU
		{1E4BEEA6-43B6-4F9C-9192-AFB9036D010D}.Release|x86.ActiveCfg = Release|Any CPU
		{1E4BEEA6-43B6-4F9C-9192-AFB9036D010D}.Release|x86.Build.0 = Release|Any CPU
		{00201313-6F30-4E3D-844A-FBDB1F71827B}.Debug|Any CPU.ActiveCfg = Debug|x86
		{00201313-6F30-4E3D-844A-FBDB1F71827B}.Debug|ARM.ActiveCfg = Debug|ARM
		{00201313-6F30-4E3D-844A-FBDB1F71827B}.Debug|ARM.Build.0 = Debug|ARM
		{00201313-6F30-4E3D-844A-FBDB1F71827B}.Debug|ARM.Deploy.0 = Debug|ARM
		{00201313-6F30-4E3D-844A-FBDB1F71827B}.Debug|x64.ActiveCfg = Debug|x64
		{00201313-6F30-4E3D-844A-FBDB1F71827B}.Debug|x64.Build.0 = Debug|x64
		{00201313-6F30-4E3D-844A-FBDB1F71827B}.Debug|x64.Deploy.0 = Debug|x64
		{00201313-6F30-4E3D-844A-FBDB1F71827B}.Debug|x86.ActiveCfg = Debug|x86
		{00201313-6F30-4E3D-844A-FBDB1F71827B}.Debug|x86.Build.0 = Debug|x86
		{00201313-6F30-4E3D-844A-FBDB1F71827B}.Debug|x86.Deploy.0 = Debug|x86
		{00201313-6F30-4E3D-844A-FBDB1F71827B}.Release|Any CPU.ActiveCfg = Release|x86
		{00201313-6F30-4E3D-844A-FBDB1F71827B}.Release|ARM.ActiveCfg = Release|ARM
		{00201313-6F30-4E3D-844A-FBDB1F71827B}.Release|ARM.Build.0 = Release|ARM
		{00201313-6F30-4E3D-844A-FBDB1F71827B}.Release|ARM.Deploy.0 = Release|ARM
		{00201313-6F30-4E3D-844A-FBDB1F71827B}.Release|x64.ActiveCfg = Release|x64
		{00201313-6F30-4E3D-844A-FBDB1F71827B}.Release|x64.Build.0 = Release|x64
		{00201313-6F30-4E3D-844A-FBDB1F71827B}.Release|x64.Deploy.0 = Release|x64
		{00201313-6F30-4E3D-844A-FBDB1F71827B}.Release|x86.ActiveCfg = Release|x86
		{00201313-6F30-4E3D-844A-FBDB1F71827B}.Release|x86.Build.0 = Release|x86
		{00201313-6F30-4E3D-844A-FBDB1F71827B}.Release|x86.Deploy.0 = Release|x86
		{1AAE4D2A-613C-411A-A10E-B051F4664770}.Debug|Any CPU.ActiveCfg = Debug|Any CPU
		{1AAE4D2A-613C-411A-A10E-B051F4664770}.Debug|Any CPU.Build.0 = Debug|Any CPU
		{1AAE4D2A-613C-411A-A10E-B051F4664770}.Debug|Any CPU.Deploy.0 = Debug|Any CPU
		{1AAE4D2A-613C-411A-A10E-B051F4664770}.Debug|ARM.ActiveCfg = Debug|Any CPU
		{1AAE4D2A-613C-411A-A10E-B051F4664770}.Debug|ARM.Build.0 = Debug|Any CPU
		{1AAE4D2A-613C-411A-A10E-B051F4664770}.Debug|ARM.Deploy.0 = Debug|Any CPU
		{1AAE4D2A-613C-411A-A10E-B051F4664770}.Debug|x64.ActiveCfg = Debug|Any CPU
		{1AAE4D2A-613C-411A-A10E-B051F4664770}.Debug|x64.Build.0 = Debug|Any CPU
		{1AAE4D2A-613C-411A-A10E-B051F4664770}.Debug|x64.Deploy.0 = Debug|Any CPU
		{1AAE4D2A-613C-411A-A10E-B051F4664770}.Debug|x86.ActiveCfg = Debug|Any CPU
		{1AAE4D2A-613C-411A-A10E-B051F4664770}.Debug|x86.Build.0 = Debug|Any CPU
		{1AAE4D2A-613C-411A-A10E-B051F4664770}.Debug|x86.Deploy.0 = Debug|Any CPU
		{1AAE4D2A-613C-411A-A10E-B051F4664770}.Release|Any CPU.ActiveCfg = Release|Any CPU
		{1AAE4D2A-613C-411A-A10E-B051F4664770}.Release|Any CPU.Build.0 = Release|Any CPU
		{1AAE4D2A-613C-411A-A10E-B051F4664770}.Release|Any CPU.Deploy.0 = Release|Any CPU
		{1AAE4D2A-613C-411A-A10E-B051F4664770}.Release|ARM.ActiveCfg = Release|Any CPU
		{1AAE4D2A-613C-411A-A10E-B051F4664770}.Release|ARM.Build.0 = Release|Any CPU
		{1AAE4D2A-613C-411A-A10E-B051F4664770}.Release|ARM.Deploy.0 = Release|Any CPU
		{1AAE4D2A-613C-411A-A10E-B051F4664770}.Release|x64.ActiveCfg = Release|Any CPU
		{1AAE4D2A-613C-411A-A10E-B051F4664770}.Release|x64.Build.0 = Release|Any CPU
		{1AAE4D2A-613C-411A-A10E-B051F4664770}.Release|x64.Deploy.0 = Release|Any CPU
		{1AAE4D2A-613C-411A-A10E-B051F4664770}.Release|x86.ActiveCfg = Release|Any CPU
		{1AAE4D2A-613C-411A-A10E-B051F4664770}.Release|x86.Build.0 = Release|Any CPU
		{1AAE4D2A-613C-411A-A10E-B051F4664770}.Release|x86.Deploy.0 = Release|Any CPU
		{694E9254-91B6-4962-AFFE-46BD3E67F2B8}.Debug|Any CPU.ActiveCfg = Debug|Any CPU
		{694E9254-91B6-4962-AFFE-46BD3E67F2B8}.Debug|Any CPU.Build.0 = Debug|Any CPU
		{694E9254-91B6-4962-AFFE-46BD3E67F2B8}.Debug|ARM.ActiveCfg = Debug|Any CPU
		{694E9254-91B6-4962-AFFE-46BD3E67F2B8}.Debug|ARM.Build.0 = Debug|Any CPU
		{694E9254-91B6-4962-AFFE-46BD3E67F2B8}.Debug|x64.ActiveCfg = Debug|Any CPU
		{694E9254-91B6-4962-AFFE-46BD3E67F2B8}.Debug|x64.Build.0 = Debug|Any CPU
		{694E9254-91B6-4962-AFFE-46BD3E67F2B8}.Debug|x86.ActiveCfg = Debug|Any CPU
		{694E9254-91B6-4962-AFFE-46BD3E67F2B8}.Debug|x86.Build.0 = Debug|Any CPU
		{694E9254-91B6-4962-AFFE-46BD3E67F2B8}.Release|Any CPU.ActiveCfg = Release|Any CPU
		{694E9254-91B6-4962-AFFE-46BD3E67F2B8}.Release|Any CPU.Build.0 = Release|Any CPU
		{694E9254-91B6-4962-AFFE-46BD3E67F2B8}.Release|ARM.ActiveCfg = Release|Any CPU
		{694E9254-91B6-4962-AFFE-46BD3E67F2B8}.Release|ARM.Build.0 = Release|Any CPU
		{694E9254-91B6-4962-AFFE-46BD3E67F2B8}.Release|x64.ActiveCfg = Release|Any CPU
		{694E9254-91B6-4962-AFFE-46BD3E67F2B8}.Release|x64.Build.0 = Release|Any CPU
		{694E9254-91B6-4962-AFFE-46BD3E67F2B8}.Release|x86.ActiveCfg = Release|Any CPU
		{694E9254-91B6-4962-AFFE-46BD3E67F2B8}.Release|x86.Build.0 = Release|Any CPU
		{986650CC-0B20-4C79-999D-94558DAD46FF}.Debug|Any CPU.ActiveCfg = Debug|Any CPU
		{986650CC-0B20-4C79-999D-94558DAD46FF}.Debug|Any CPU.Build.0 = Debug|Any CPU
		{986650CC-0B20-4C79-999D-94558DAD46FF}.Debug|ARM.ActiveCfg = Debug|ARM
		{986650CC-0B20-4C79-999D-94558DAD46FF}.Debug|ARM.Build.0 = Debug|ARM
		{986650CC-0B20-4C79-999D-94558DAD46FF}.Debug|x64.ActiveCfg = Debug|x64
		{986650CC-0B20-4C79-999D-94558DAD46FF}.Debug|x64.Build.0 = Debug|x64
		{986650CC-0B20-4C79-999D-94558DAD46FF}.Debug|x86.ActiveCfg = Debug|x86
		{986650CC-0B20-4C79-999D-94558DAD46FF}.Debug|x86.Build.0 = Debug|x86
		{986650CC-0B20-4C79-999D-94558DAD46FF}.Release|Any CPU.ActiveCfg = Release|Any CPU
		{986650CC-0B20-4C79-999D-94558DAD46FF}.Release|Any CPU.Build.0 = Release|Any CPU
		{986650CC-0B20-4C79-999D-94558DAD46FF}.Release|ARM.ActiveCfg = Release|ARM
		{986650CC-0B20-4C79-999D-94558DAD46FF}.Release|ARM.Build.0 = Release|ARM
		{986650CC-0B20-4C79-999D-94558DAD46FF}.Release|x64.ActiveCfg = Release|x64
		{986650CC-0B20-4C79-999D-94558DAD46FF}.Release|x64.Build.0 = Release|x64
		{986650CC-0B20-4C79-999D-94558DAD46FF}.Release|x86.ActiveCfg = Release|x86
		{986650CC-0B20-4C79-999D-94558DAD46FF}.Release|x86.Build.0 = Release|x86
	EndGlobalSection
	GlobalSection(SolutionProperties) = preSolution
		HideSolutionNode = FALSE
	EndGlobalSection
	GlobalSection(NestedProjects) = preSolution
		{1E4BEEA6-43B6-4F9C-9192-AFB9036D010D} = {6E5EA185-2A19-4FA5-B921-21F19B876F4F}
		{00201313-6F30-4E3D-844A-FBDB1F71827B} = {6E5EA185-2A19-4FA5-B921-21F19B876F4F}
		{1AAE4D2A-613C-411A-A10E-B051F4664770} = {6E5EA185-2A19-4FA5-B921-21F19B876F4F}
		{694E9254-91B6-4962-AFFE-46BD3E67F2B8} = {EA0CB1CF-80A2-47B7-AE6C-0E54CDC5BC2F}
		{986650CC-0B20-4C79-999D-94558DAD46FF} = {EA0CB1CF-80A2-47B7-AE6C-0E54CDC5BC2F}
	EndGlobalSection
	GlobalSection(ExtensibilityGlobals) = postSolution
		SolutionGuid = {91138A95-41B8-4E6B-AC6A-5F07514EA1D5}
	EndGlobalSection
EndGlobal
